
Microsoft Visual Studio Solution File, Format Version 12.00
# Visual Studio 15
VisualStudioVersion = 15.0.26730.16
MinimumVisualStudioVersion = 10.0.40219.1
Project("{FAE04EC0-301F-11D3-BF4B-00C04F79EFBC}") = "EFCoreGroupJoin", "EFCoreGroupJoin\EFCoreGroupJoin.csproj", "{462EFAEF-5021-484C-A883-C53CDE2B3882}"
EndProject
Global
	GlobalSection(SolutionConfigurationPlatforms) = preSolution
		Debug|Any CPU = Debug|Any CPU
		Release|Any CPU = Release|Any CPU
	EndGlobalSection
	GlobalSection(ProjectConfigurationPlatforms) = postSolution
		{462EFAEF-5021-484C-A883-C53CDE2B3882}.Debug|Any CPU.ActiveCfg = Debug|Any CPU
		{462EFAEF-5021-484C-A883-C53CDE2B3882}.Debug|Any CPU.Build.0 = Debug|Any CPU
		{462EFAEF-5021-484C-A883-C53CDE2B3882}.Release|Any CPU.ActiveCfg = Release|Any CPU
		{462EFAEF-5021-484C-A883-C53CDE2B3882}.Release|Any CPU.Build.0 = Release|Any CPU
	EndGlobalSection
	GlobalSection(SolutionProperties) = preSolution
		HideSolutionNode = FALSE
	EndGlobalSection
	GlobalSection(ExtensibilityGlobals) = postSolution
		SolutionGuid = {66B436C0-3323-4A00-8DB8-1BF43D0C05C1}
	EndGlobalSection
EndGlobal
